
Microsoft Visual Studio Solution File, Format Version 12.00
# Visual Studio Version 17
VisualStudioVersion = 17.1.32328.378
MinimumVisualStudioVersion = 10.0.40219.1
Project("{FAE04EC0-301F-11D3-BF4B-00C04F79EFBC}") = "StoreWebApplication", "StoreWebApplication\StoreWebApplication.csproj", "{78ED9CDD-EB73-4F7D-AA7A-1BEB2C95AF26}"
EndProject
Global
	GlobalSection(SolutionConfigurationPlatforms) = preSolution
		Debug|Any CPU = Debug|Any CPU
		Release|Any CPU = Release|Any CPU
	EndGlobalSection
	GlobalSection(ProjectConfigurationPlatforms) = postSolution
		{78ED9CDD-EB73-4F7D-AA7A-1BEB2C95AF26}.Debug|Any CPU.ActiveCfg = Debug|Any CPU
		{78ED9CDD-EB73-4F7D-AA7A-1BEB2C95AF26}.Debug|Any CPU.Build.0 = Debug|Any CPU
		{78ED9CDD-EB73-4F7D-AA7A-1BEB2C95AF26}.Release|Any CPU.ActiveCfg = Release|Any CPU
		{78ED9CDD-EB73-4F7D-AA7A-1BEB2C95AF26}.Release|Any CPU.Build.0 = Release|Any CPU
	EndGlobalSection
	GlobalSection(SolutionProperties) = preSolution
		HideSolutionNode = FALSE
	EndGlobalSection
	GlobalSection(ExtensibilityGlobals) = postSolution
		SolutionGuid = {8EE4E173-3948-47AD-84FD-FB2BD88CD344}
	EndGlobalSection
EndGlobal
